
Microsoft Visual Studio Solution File, Format Version 12.00
# Visual Studio Version 17
VisualStudioVersion = 17.0.31903.59
MinimumVisualStudioVersion = 10.0.40219.1
Project("{2150E333-8FDC-42A3-9474-1A3956D46DE8}") = "Solution Items", "Solution Items", "{6DFCE5BB-1112-4EAA-B99B-A271F67552A1}"
	ProjectSection(SolutionItems) = preProject
		.editorconfig = .editorconfig
		Directory.Build.props = Directory.Build.props
		src\Directory.Build.props = src\Directory.Build.props
		Directory.Packages.props = Directory.Packages.props
	EndProjectSection
EndProject
Project("{2150E333-8FDC-42A3-9474-1A3956D46DE8}") = "src", "src", "{738DF42C-D4A2-4141-B2DE-590571402875}"
EndProject
Project("{FAE04EC0-301F-11D3-BF4B-00C04F79EFBC}") = "Core", "src\Core\Core.csproj", "{B676C458-A95B-4978-9EF8-AE1AD8C2B793}"
EndProject
Project("{FAE04EC0-301F-11D3-BF4B-00C04F79EFBC}") = "Models", "src\Models\Models.csproj", "{7B2FAB20-482D-4050-B8B0-C04245E499B5}"
EndProject
Project("{FAE04EC0-301F-11D3-BF4B-00C04F79EFBC}") = "Queries", "src\Queries\Queries.csproj", "{E4268D70-E614-4815-9F6D-43CC31EA68DE}"
EndProject
Project("{2150E333-8FDC-42A3-9474-1A3956D46DE8}") = "tests", "tests", "{9976DE2B-7904-46AE-96F8-B9276C914C89}"
EndProject
Project("{2150E333-8FDC-42A3-9474-1A3956D46DE8}") = "unit", "unit", "{C195DF18-4C9F-441E-9464-C44D308FD6B1}"
EndProject
Project("{2150E333-8FDC-42A3-9474-1A3956D46DE8}") = "Core", "Core", "{1581E7AE-8100-4305-BE27-2EEFC46930B3}"
EndProject
Project("{FAE04EC0-301F-11D3-BF4B-00C04F79EFBC}") = "ParamsCSharpAttributeConstructorArgumentIdentifier", "tests\unit\Core\ParamsCSharpAttributeConstructorArgumentIdentifier\ParamsCSharpAttributeConstructorArgumentIdentifier.csproj", "{9034F111-B6E2-43DC-89EE-D9E66DBF4CFF}"
EndProject
Project("{FAE04EC0-301F-11D3-BF4B-00C04F79EFBC}") = "SyntacticCSharpAttributeConstructorAssociator", "tests\unit\Core\SyntacticCSharpAttributeConstructorAssociator\SyntacticCSharpAttributeConstructorAssociator.csproj", "{4F51C630-1EEC-44EA-B584-06B2FA7180E5}"
EndProject
Project("{2150E333-8FDC-42A3-9474-1A3956D46DE8}") = "integration", "integration", "{B6581A09-C8FE-4475-A579-5705A9A6FB5F}"
EndProject
Project("{2150E333-8FDC-42A3-9474-1A3956D46DE8}") = "Core", "Core", "{7F71AF50-00A4-4171-B1BC-B55FAA33140E}"
EndProject
Project("{2150E333-8FDC-42A3-9474-1A3956D46DE8}") = "ParamsCSharpAttributeConstructorArgumentIdentifier", "ParamsCSharpAttributeConstructorArgumentIdentifier", "{89EE29CD-FDF0-4CDC-BCB8-E45A013AEE76}"
EndProject
Project("{FAE04EC0-301F-11D3-BF4B-00C04F79EFBC}") = "ParamsCSharpAttributeConstructorArgumentIdentifier_CSharp12", "tests\integration\Core\ParamsCSharpAttributeConstructorArgumentIdentifier\CSharp12\ParamsCSharpAttributeConstructorArgumentIdentifier_CSharp12.csproj", "{A23757AB-A085-47F0-BA45-9EAEC970AFD3}"
EndProject
Project("{2150E333-8FDC-42A3-9474-1A3956D46DE8}") = "SyntacticCSharpAttributeConstructorAssociator", "SyntacticCSharpAttributeConstructorAssociator", "{0798BC93-B37C-4650-A256-D8F5056E3FB5}"
EndProject
Project("{FAE04EC0-301F-11D3-BF4B-00C04F79EFBC}") = "SyntacticCSharpAttributeConstructorAssociator_CSharp12", "tests\integration\Core\SyntacticCSharpAttributeConstructorAssociator\CSharp12\SyntacticCSharpAttributeConstructorAssociator_CSharp12.csproj", "{72841E15-F33F-4307-954A-E7A3FBB0285F}"
EndProject
Global
	GlobalSection(SolutionConfigurationPlatforms) = preSolution
		Debug|Any CPU = Debug|Any CPU
		Release|Any CPU = Release|Any CPU
	EndGlobalSection
	GlobalSection(ProjectConfigurationPlatforms) = postSolution
		{B676C458-A95B-4978-9EF8-AE1AD8C2B793}.Debug|Any CPU.ActiveCfg = Debug|Any CPU
		{B676C458-A95B-4978-9EF8-AE1AD8C2B793}.Debug|Any CPU.Build.0 = Debug|Any CPU
		{B676C458-A95B-4978-9EF8-AE1AD8C2B793}.Release|Any CPU.ActiveCfg = Release|Any CPU
		{B676C458-A95B-4978-9EF8-AE1AD8C2B793}.Release|Any CPU.Build.0 = Release|Any CPU
		{7B2FAB20-482D-4050-B8B0-C04245E499B5}.Debug|Any CPU.ActiveCfg = Debug|Any CPU
		{7B2FAB20-482D-4050-B8B0-C04245E499B5}.Debug|Any CPU.Build.0 = Debug|Any CPU
		{7B2FAB20-482D-4050-B8B0-C04245E499B5}.Release|Any CPU.ActiveCfg = Release|Any CPU
		{7B2FAB20-482D-4050-B8B0-C04245E499B5}.Release|Any CPU.Build.0 = Release|Any CPU
		{E4268D70-E614-4815-9F6D-43CC31EA68DE}.Debug|Any CPU.ActiveCfg = Debug|Any CPU
		{E4268D70-E614-4815-9F6D-43CC31EA68DE}.Debug|Any CPU.Build.0 = Debug|Any CPU
		{E4268D70-E614-4815-9F6D-43CC31EA68DE}.Release|Any CPU.ActiveCfg = Release|Any CPU
		{E4268D70-E614-4815-9F6D-43CC31EA68DE}.Release|Any CPU.Build.0 = Release|Any CPU
		{9034F111-B6E2-43DC-89EE-D9E66DBF4CFF}.Debug|Any CPU.ActiveCfg = Debug|Any CPU
		{9034F111-B6E2-43DC-89EE-D9E66DBF4CFF}.Debug|Any CPU.Build.0 = Debug|Any CPU
		{9034F111-B6E2-43DC-89EE-D9E66DBF4CFF}.Release|Any CPU.ActiveCfg = Release|Any CPU
		{9034F111-B6E2-43DC-89EE-D9E66DBF4CFF}.Release|Any CPU.Build.0 = Release|Any CPU
		{4F51C630-1EEC-44EA-B584-06B2FA7180E5}.Debug|Any CPU.ActiveCfg = Debug|Any CPU
		{4F51C630-1EEC-44EA-B584-06B2FA7180E5}.Debug|Any CPU.Build.0 = Debug|Any CPU
		{4F51C630-1EEC-44EA-B584-06B2FA7180E5}.Release|Any CPU.ActiveCfg = Release|Any CPU
		{4F51C630-1EEC-44EA-B584-06B2FA7180E5}.Release|Any CPU.Build.0 = Release|Any CPU
		{A23757AB-A085-47F0-BA45-9EAEC970AFD3}.Debug|Any CPU.ActiveCfg = Debug|Any CPU
		{A23757AB-A085-47F0-BA45-9EAEC970AFD3}.Debug|Any CPU.Build.0 = Debug|Any CPU
		{A23757AB-A085-47F0-BA45-9EAEC970AFD3}.Release|Any CPU.ActiveCfg = Release|Any CPU
		{A23757AB-A085-47F0-BA45-9EAEC970AFD3}.Release|Any CPU.Build.0 = Release|Any CPU
		{72841E15-F33F-4307-954A-E7A3FBB0285F}.Debug|Any CPU.ActiveCfg = Debug|Any CPU
		{72841E15-F33F-4307-954A-E7A3FBB0285F}.Debug|Any CPU.Build.0 = Debug|Any CPU
		{72841E15-F33F-4307-954A-E7A3FBB0285F}.Release|Any CPU.ActiveCfg = Release|Any CPU
		{72841E15-F33F-4307-954A-E7A3FBB0285F}.Release|Any CPU.Build.0 = Release|Any CPU
	EndGlobalSection
	GlobalSection(SolutionProperties) = preSolution
		HideSolutionNode = FALSE
	EndGlobalSection
	GlobalSection(NestedProjects) = preSolution
		{B676C458-A95B-4978-9EF8-AE1AD8C2B793} = {738DF42C-D4A2-4141-B2DE-590571402875}
		{7B2FAB20-482D-4050-B8B0-C04245E499B5} = {738DF42C-D4A2-4141-B2DE-590571402875}
		{E4268D70-E614-4815-9F6D-43CC31EA68DE} = {738DF42C-D4A2-4141-B2DE-590571402875}
		{C195DF18-4C9F-441E-9464-C44D308FD6B1} = {9976DE2B-7904-46AE-96F8-B9276C914C89}
		{1581E7AE-8100-4305-BE27-2EEFC46930B3} = {C195DF18-4C9F-441E-9464-C44D308FD6B1}
		{9034F111-B6E2-43DC-89EE-D9E66DBF4CFF} = {1581E7AE-8100-4305-BE27-2EEFC46930B3}
		{4F51C630-1EEC-44EA-B584-06B2FA7180E5} = {1581E7AE-8100-4305-BE27-2EEFC46930B3}
		{B6581A09-C8FE-4475-A579-5705A9A6FB5F} = {9976DE2B-7904-46AE-96F8-B9276C914C89}
		{7F71AF50-00A4-4171-B1BC-B55FAA33140E} = {B6581A09-C8FE-4475-A579-5705A9A6FB5F}
		{89EE29CD-FDF0-4CDC-BCB8-E45A013AEE76} = {7F71AF50-00A4-4171-B1BC-B55FAA33140E}
		{A23757AB-A085-47F0-BA45-9EAEC970AFD3} = {89EE29CD-FDF0-4CDC-BCB8-E45A013AEE76}
		{0798BC93-B37C-4650-A256-D8F5056E3FB5} = {7F71AF50-00A4-4171-B1BC-B55FAA33140E}
		{72841E15-F33F-4307-954A-E7A3FBB0285F} = {0798BC93-B37C-4650-A256-D8F5056E3FB5}
	EndGlobalSection
	GlobalSection(ExtensibilityGlobals) = postSolution
		SolutionGuid = {03179225-A3B7-47F2-BED2-FFC518DCFD28}
	EndGlobalSection
EndGlobal
