
Microsoft Visual Studio Solution File, Format Version 12.00
# Visual Studio Version 17
VisualStudioVersion = 17.0.31903.59
MinimumVisualStudioVersion = 10.0.40219.1
Project("{2150E333-8FDC-42A3-9474-1A3956D46DE8}") = "Solution Items", "Solution Items", "{6DFCE5BB-1112-4EAA-B99B-A271F67552A1}"
	ProjectSection(SolutionItems) = preProject
		.editorconfig = .editorconfig
		Directory.Build.props = Directory.Build.props
		src\Directory.Build.props = src\Directory.Build.props
		Directory.Packages.props = Directory.Packages.props
	EndProjectSection
EndProject
Project("{2150E333-8FDC-42A3-9474-1A3956D46DE8}") = "src", "src", "{738DF42C-D4A2-4141-B2DE-590571402875}"
EndProject
Project("{FAE04EC0-301F-11D3-BF4B-00C04F79EFBC}") = "Core", "src\Core\Core.csproj", "{B676C458-A95B-4978-9EF8-AE1AD8C2B793}"
EndProject
Project("{FAE04EC0-301F-11D3-BF4B-00C04F79EFBC}") = "Models", "src\Models\Models.csproj", "{7B2FAB20-482D-4050-B8B0-C04245E499B5}"
EndProject
Project("{FAE04EC0-301F-11D3-BF4B-00C04F79EFBC}") = "Queries", "src\Queries\Queries.csproj", "{E4268D70-E614-4815-9F6D-43CC31EA68DE}"
EndProject
Project("{2150E333-8FDC-42A3-9474-1A3956D46DE8}") = "tests", "tests", "{9976DE2B-7904-46AE-96F8-B9276C914C89}"
EndProject
Project("{2150E333-8FDC-42A3-9474-1A3956D46DE8}") = "unit", "unit", "{C195DF18-4C9F-441E-9464-C44D308FD6B1}"
EndProject
Project("{2150E333-8FDC-42A3-9474-1A3956D46DE8}") = "Core", "Core", "{1581E7AE-8100-4305-BE27-2EEFC46930B3}"
EndProject
Project("{FAE04EC0-301F-11D3-BF4B-00C04F79EFBC}") = "CSharpAttributeConstructorAssociator", "tests\unit\Core\CSharpAttributeConstructorAssociator\CSharpAttributeConstructorAssociator.csproj", "{B72989E4-DBA6-4D97-9D23-D21F4EC8203D}"
EndProject
Project("{2150E333-8FDC-42A3-9474-1A3956D46DE8}") = "integration", "integration", "{CBCEB9F2-BC77-418A-9A48-F8F71D7E635F}"
EndProject
Project("{2150E333-8FDC-42A3-9474-1A3956D46DE8}") = "Core", "Core", "{43FB44FB-4C16-4357-BCC5-6088B8BC13DA}"
EndProject
Project("{2150E333-8FDC-42A3-9474-1A3956D46DE8}") = "CSharpAttributeConstructorAssociator", "CSharpAttributeConstructorAssociator", "{D7757EA8-0A39-4BF0-B782-C4EA7879AB36}"
EndProject
Project("{FAE04EC0-301F-11D3-BF4B-00C04F79EFBC}") = "CSharpAttributeConstructorAssociator_CSharp12", "tests\integration\Core\CSharpAttributeConstructorAssociator\CSharp12\CSharpAttributeConstructorAssociator_CSharp12.csproj", "{689A14BD-3C4A-45C6-AD9B-6DB61AD91D4A}"
EndProject
Project("{2150E333-8FDC-42A3-9474-1A3956D46DE8}") = "Errors", "Errors", "{D7078E23-F98E-46CA-B022-663158531CDE}"
EndProject
Project("{FAE04EC0-301F-11D3-BF4B-00C04F79EFBC}") = "CSharpAttributeConstructorAssociatorErrorHandler", "tests\unit\Core\Errors\CSharpAttributeConstructorAssociatorErrorHandler\CSharpAttributeConstructorAssociatorErrorHandler.csproj", "{253CD994-40C4-4783-BD44-64206266BD1F}"
EndProject
Project("{FAE04EC0-301F-11D3-BF4B-00C04F79EFBC}") = "CSharpAttributeConstructorParamsArgumentDistinguisher", "tests\unit\Core\CSharpAttributeConstructorParamsArgumentDistinguisher\CSharpAttributeConstructorParamsArgumentDistinguisher.csproj", "{051251D7-FDC8-4726-9B9F-C3617DE8F6B7}"
EndProject
Project("{2150E333-8FDC-42A3-9474-1A3956D46DE8}") = "CSharpAttributeConstructorParamsArgumentDistinguisher", "CSharpAttributeConstructorParamsArgumentDistinguisher", "{4C206407-3269-4C5D-A5CC-5C11ADD8F58A}"
EndProject
Project("{FAE04EC0-301F-11D3-BF4B-00C04F79EFBC}") = "CSharpAttributeConstructorParamsArgumentDistinguisher_CSharp12", "tests\integration\Core\CSharpAttributeConstructorParamsArgumentDistinguisher\CSharp12\CSharpAttributeConstructorParamsArgumentDistinguisher_CSharp12.csproj", "{778CE5C3-9B8C-4A21-8C12-1DF6CDEF7035}"
EndProject
Global
	GlobalSection(SolutionConfigurationPlatforms) = preSolution
		Debug|Any CPU = Debug|Any CPU
		Release|Any CPU = Release|Any CPU
	EndGlobalSection
	GlobalSection(ProjectConfigurationPlatforms) = postSolution
		{B676C458-A95B-4978-9EF8-AE1AD8C2B793}.Debug|Any CPU.ActiveCfg = Debug|Any CPU
		{B676C458-A95B-4978-9EF8-AE1AD8C2B793}.Debug|Any CPU.Build.0 = Debug|Any CPU
		{B676C458-A95B-4978-9EF8-AE1AD8C2B793}.Release|Any CPU.ActiveCfg = Release|Any CPU
		{B676C458-A95B-4978-9EF8-AE1AD8C2B793}.Release|Any CPU.Build.0 = Release|Any CPU
		{7B2FAB20-482D-4050-B8B0-C04245E499B5}.Debug|Any CPU.ActiveCfg = Debug|Any CPU
		{7B2FAB20-482D-4050-B8B0-C04245E499B5}.Debug|Any CPU.Build.0 = Debug|Any CPU
		{7B2FAB20-482D-4050-B8B0-C04245E499B5}.Release|Any CPU.ActiveCfg = Release|Any CPU
		{7B2FAB20-482D-4050-B8B0-C04245E499B5}.Release|Any CPU.Build.0 = Release|Any CPU
		{E4268D70-E614-4815-9F6D-43CC31EA68DE}.Debug|Any CPU.ActiveCfg = Debug|Any CPU
		{E4268D70-E614-4815-9F6D-43CC31EA68DE}.Debug|Any CPU.Build.0 = Debug|Any CPU
		{E4268D70-E614-4815-9F6D-43CC31EA68DE}.Release|Any CPU.ActiveCfg = Release|Any CPU
		{E4268D70-E614-4815-9F6D-43CC31EA68DE}.Release|Any CPU.Build.0 = Release|Any CPU
		{B72989E4-DBA6-4D97-9D23-D21F4EC8203D}.Debug|Any CPU.ActiveCfg = Debug|Any CPU
		{B72989E4-DBA6-4D97-9D23-D21F4EC8203D}.Debug|Any CPU.Build.0 = Debug|Any CPU
		{B72989E4-DBA6-4D97-9D23-D21F4EC8203D}.Release|Any CPU.ActiveCfg = Release|Any CPU
		{B72989E4-DBA6-4D97-9D23-D21F4EC8203D}.Release|Any CPU.Build.0 = Release|Any CPU
		{689A14BD-3C4A-45C6-AD9B-6DB61AD91D4A}.Debug|Any CPU.ActiveCfg = Debug|Any CPU
		{689A14BD-3C4A-45C6-AD9B-6DB61AD91D4A}.Debug|Any CPU.Build.0 = Debug|Any CPU
		{689A14BD-3C4A-45C6-AD9B-6DB61AD91D4A}.Release|Any CPU.ActiveCfg = Release|Any CPU
		{689A14BD-3C4A-45C6-AD9B-6DB61AD91D4A}.Release|Any CPU.Build.0 = Release|Any CPU
		{253CD994-40C4-4783-BD44-64206266BD1F}.Debug|Any CPU.ActiveCfg = Debug|Any CPU
		{253CD994-40C4-4783-BD44-64206266BD1F}.Debug|Any CPU.Build.0 = Debug|Any CPU
		{253CD994-40C4-4783-BD44-64206266BD1F}.Release|Any CPU.ActiveCfg = Release|Any CPU
		{253CD994-40C4-4783-BD44-64206266BD1F}.Release|Any CPU.Build.0 = Release|Any CPU
		{051251D7-FDC8-4726-9B9F-C3617DE8F6B7}.Debug|Any CPU.ActiveCfg = Debug|Any CPU
		{051251D7-FDC8-4726-9B9F-C3617DE8F6B7}.Debug|Any CPU.Build.0 = Debug|Any CPU
		{051251D7-FDC8-4726-9B9F-C3617DE8F6B7}.Release|Any CPU.ActiveCfg = Release|Any CPU
		{051251D7-FDC8-4726-9B9F-C3617DE8F6B7}.Release|Any CPU.Build.0 = Release|Any CPU
		{778CE5C3-9B8C-4A21-8C12-1DF6CDEF7035}.Debug|Any CPU.ActiveCfg = Debug|Any CPU
		{778CE5C3-9B8C-4A21-8C12-1DF6CDEF7035}.Debug|Any CPU.Build.0 = Debug|Any CPU
		{778CE5C3-9B8C-4A21-8C12-1DF6CDEF7035}.Release|Any CPU.ActiveCfg = Release|Any CPU
		{778CE5C3-9B8C-4A21-8C12-1DF6CDEF7035}.Release|Any CPU.Build.0 = Release|Any CPU
	EndGlobalSection
	GlobalSection(SolutionProperties) = preSolution
		HideSolutionNode = FALSE
	EndGlobalSection
	GlobalSection(NestedProjects) = preSolution
		{B676C458-A95B-4978-9EF8-AE1AD8C2B793} = {738DF42C-D4A2-4141-B2DE-590571402875}
		{7B2FAB20-482D-4050-B8B0-C04245E499B5} = {738DF42C-D4A2-4141-B2DE-590571402875}
		{E4268D70-E614-4815-9F6D-43CC31EA68DE} = {738DF42C-D4A2-4141-B2DE-590571402875}
		{C195DF18-4C9F-441E-9464-C44D308FD6B1} = {9976DE2B-7904-46AE-96F8-B9276C914C89}
		{1581E7AE-8100-4305-BE27-2EEFC46930B3} = {C195DF18-4C9F-441E-9464-C44D308FD6B1}
		{B72989E4-DBA6-4D97-9D23-D21F4EC8203D} = {1581E7AE-8100-4305-BE27-2EEFC46930B3}
		{CBCEB9F2-BC77-418A-9A48-F8F71D7E635F} = {9976DE2B-7904-46AE-96F8-B9276C914C89}
		{43FB44FB-4C16-4357-BCC5-6088B8BC13DA} = {CBCEB9F2-BC77-418A-9A48-F8F71D7E635F}
		{D7757EA8-0A39-4BF0-B782-C4EA7879AB36} = {43FB44FB-4C16-4357-BCC5-6088B8BC13DA}
		{689A14BD-3C4A-45C6-AD9B-6DB61AD91D4A} = {D7757EA8-0A39-4BF0-B782-C4EA7879AB36}
		{D7078E23-F98E-46CA-B022-663158531CDE} = {1581E7AE-8100-4305-BE27-2EEFC46930B3}
		{253CD994-40C4-4783-BD44-64206266BD1F} = {D7078E23-F98E-46CA-B022-663158531CDE}
		{051251D7-FDC8-4726-9B9F-C3617DE8F6B7} = {1581E7AE-8100-4305-BE27-2EEFC46930B3}
		{4C206407-3269-4C5D-A5CC-5C11ADD8F58A} = {43FB44FB-4C16-4357-BCC5-6088B8BC13DA}
		{778CE5C3-9B8C-4A21-8C12-1DF6CDEF7035} = {4C206407-3269-4C5D-A5CC-5C11ADD8F58A}
	EndGlobalSection
	GlobalSection(ExtensibilityGlobals) = postSolution
		SolutionGuid = {03179225-A3B7-47F2-BED2-FFC518DCFD28}
	EndGlobalSection
EndGlobal
